
Microsoft Visual Studio Solution File, Format Version 12.00
# Visual Studio 15
VisualStudioVersion = 15.0.28307.1705
MinimumVisualStudioVersion = 10.0.40219.1
Project("{FAE04EC0-301F-11D3-BF4B-00C04F79EFBC}") = "ArrayChallengeTests", "ArrayChallengeTests\ArrayChallengeTests.csproj", "{96976948-17D9-4315-A143-3AE6D7F788A6}"
EndProject
Global
	GlobalSection(SolutionConfigurationPlatforms) = preSolution
		Debug|Any CPU = Debug|Any CPU
		DebugMCD|Any CPU = DebugMCD|Any CPU
		Release|Any CPU = Release|Any CPU
	EndGlobalSection
	GlobalSection(ProjectConfigurationPlatforms) = postSolution
		{96976948-17D9-4315-A143-3AE6D7F788A6}.Debug|Any CPU.ActiveCfg = Debug|Any CPU
		{96976948-17D9-4315-A143-3AE6D7F788A6}.Debug|Any CPU.Build.0 = Debug|Any CPU
		{96976948-17D9-4315-A143-3AE6D7F788A6}.DebugMCD|Any CPU.ActiveCfg = Debug|Any CPU
		{96976948-17D9-4315-A143-3AE6D7F788A6}.DebugMCD|Any CPU.Build.0 = Debug|Any CPU
		{96976948-17D9-4315-A143-3AE6D7F788A6}.Release|Any CPU.ActiveCfg = Debug|Any CPU
		{96976948-17D9-4315-A143-3AE6D7F788A6}.Release|Any CPU.Build.0 = Debug|Any CPU
	EndGlobalSection
	GlobalSection(SolutionProperties) = preSolution
		HideSolutionNode = FALSE
	EndGlobalSection
	GlobalSection(ExtensibilityGlobals) = postSolution
		SolutionGuid = {65397707-8957-4BD6-9C64-6E9A4C76E946}
	EndGlobalSection
EndGlobal
